{
  "name": "sip",
  "version": "0.0.3",
  "lockfileVersion": 1,
  "requires": true,
  "dependencies": {
    "coffee-script": {
      "version": "1.6.3",
      "resolved": "https://registry.npmjs.org/coffee-script/-/coffee-script-1.6.3.tgz",
      "integrity": "sha1-Y1XTLPGwTN/2tITl5xF4Ky8MOb4=",
      "dev": true
    },
    "uws": {
      "version": "10.148.0",
      "resolved": "https://registry.npmjs.org/uws/-/uws-10.148.0.tgz",
      "integrity": "sha512-aJpFgMMyxubiE/ll4nj9nWoQbv0HzZZDWXfwyu78nuFObX0Zoyv3TWjkqKPQ1vb2sMPZoz67tri7QNE6dybNmQ=="
    }
  }
}
